{
  "version": 4,
  "terraform_version": "1.0.6",
  "serial": 181,
  "lineage": "dad9240b-3e4d-8972-0f3d-e731772242f0",
  "outputs": {
    "ssh": {
      "value": "ssh-ed25519 AAAAC3NzaC1lZDI1NTE5AAAAIGLfL3BgjPQZSKYNLV+ISq8upJMoEqXRhyAKaoX/BeTt bbrar@cloudprodigy.ca\n",
      "type": "string"
    }
  },
  "resources": [
    {
      "mode": "data",
      "type": "local_file",
      "name": "ssh_public_key",
      "provider": "provider[\"registry.terraform.io/hashicorp/local\"]",
      "instances": [
        {
          "schema_version": 0,
          "attributes": {
            "content": "ssh-ed25519 AAAAC3NzaC1lZDI1NTE5AAAAIGLfL3BgjPQZSKYNLV+ISq8upJMoEqXRhyAKaoX/BeTt bbrar@cloudprodigy.ca\n",
            "content_base64": "c3NoLWVkMjU1MTkgQUFBQUMzTnphQzFsWkRJMU5URTVBQUFBSUdMZkwzQmdqUFFaU0tZTkxWK0lTcTh1cEpNb0VxWFJoeUFLYW9YL0JlVHQgYmJyYXJAY2xvdWRwcm9kaWd5LmNhCg==",
            "filename": "ssh_public_keys/user1.pub",
            "id": "bcfb9a5bf2c9a99b2eb734494c75037d3482919c"
          },
          "sensitive_attributes": []
        }
      ]
    },
    {
      "module": "module.vpc",
      "mode": "data",
      "type": "aws_subnet_ids",
      "name": "default",
      "provider": "provider[\"registry.terraform.io/hashicorp/aws\"]",
      "instances": [
        {
          "schema_version": 0,
          "attributes": {
            "filter": null,
            "id": "vpc-06b010bc1c902e8b5",
            "ids": [
              "subnet-00a5c1a9c171966bc",
              "subnet-0412a041a403e1575"
            ],
            "tags": null,
            "vpc_id": "vpc-06b010bc1c902e8b5"
          },
          "sensitive_attributes": []
        }
      ]
    },
    {
      "module": "module.vpc",
      "mode": "managed",
      "type": "aws_internet_gateway",
      "name": "this",
      "provider": "provider[\"registry.terraform.io/hashicorp/aws\"]",
      "instances": [
        {
          "index_key": 0,
          "schema_version": 0,
          "attributes": {
            "arn": "arn:aws:ec2:us-east-1:238086487912:internet-gateway/igw-0978d51d9eddfcdb2",
            "id": "igw-0978d51d9eddfcdb2",
            "owner_id": "238086487912",
            "tags": {
              "Application": "ghost",
              "Name": "maker-ghost-dev",
              "Team": "techops",
              "environment": "dev"
            },
            "tags_all": {
              "Application": "ghost",
              "Name": "maker-ghost-dev",
              "Team": "techops",
              "environment": "dev"
            },
            "vpc_id": "vpc-06b010bc1c902e8b5"
          },
          "sensitive_attributes": [],
          "private": "bnVsbA==",
          "dependencies": [
            "module.vpc.aws_vpc.vpc"
          ]
        }
      ]
    },
    {
      "module": "module.vpc",
      "mode": "managed",
      "type": "aws_network_acl",
      "name": "default",
      "provider": "provider[\"registry.terraform.io/hashicorp/aws\"]",
      "instances": [
        {
          "index_key": 0,
          "schema_version": 0,
          "attributes": {
            "arn": "arn:aws:ec2:us-east-1:238086487912:network-acl/acl-0bf7e5ac90ebd062f",
            "egress": [],
            "id": "acl-0bf7e5ac90ebd062f",
            "ingress": [],
            "owner_id": "238086487912",
            "subnet_ids": [
              "subnet-00a5c1a9c171966bc",
              "subnet-0412a041a403e1575"
            ],
            "tags": {
              "Application": "ghost",
              "Name": "maker-ghost-dev",
              "Team": "techops",
              "environment": "dev"
            },
            "tags_all": {
              "Application": "ghost",
              "Name": "maker-ghost-dev",
              "Team": "techops",
              "environment": "dev"
            },
            "vpc_id": "vpc-06b010bc1c902e8b5"
          },
          "sensitive_attributes": [],
          "private": "bnVsbA==",
          "dependencies": [
            "module.vpc.aws_subnet.private",
            "module.vpc.aws_subnet.public",
            "module.vpc.aws_vpc.vpc",
            "module.vpc.data.aws_subnet_ids.default"
          ]
        }
      ]
    },
    {
      "module": "module.vpc",
      "mode": "managed",
      "type": "aws_network_acl_rule",
      "name": "default_inbound",
      "provider": "provider[\"registry.terraform.io/hashicorp/aws\"]",
      "instances": [
        {
          "index_key": 0,
          "schema_version": 0,
          "attributes": {
            "cidr_block": "0.0.0.0/0",
            "egress": false,
            "from_port": 0,
            "icmp_code": null,
            "icmp_type": null,
            "id": "nacl-1391763402",
            "ipv6_cidr_block": "",
            "network_acl_id": "acl-0bf7e5ac90ebd062f",
            "protocol": "all",
            "rule_action": "allow",
            "rule_number": 100,
            "to_port": 0
          },
          "sensitive_attributes": [],
          "private": "bnVsbA==",
          "dependencies": [
            "module.vpc.aws_network_acl.default",
            "module.vpc.aws_subnet.private",
            "module.vpc.aws_subnet.public",
            "module.vpc.aws_vpc.vpc",
            "module.vpc.data.aws_subnet_ids.default"
          ]
        }
      ]
    },
    {
      "module": "module.vpc",
      "mode": "managed",
      "type": "aws_network_acl_rule",
      "name": "default_outbound",
      "provider": "provider[\"registry.terraform.io/hashicorp/aws\"]",
      "instances": [
        {
          "index_key": 0,
          "schema_version": 0,
          "attributes": {
            "cidr_block": "0.0.0.0/0",
            "egress": true,
            "from_port": 0,
            "icmp_code": null,
            "icmp_type": null,
            "id": "nacl-2618326028",
            "ipv6_cidr_block": "",
            "network_acl_id": "acl-0bf7e5ac90ebd062f",
            "protocol": "all",
            "rule_action": "allow",
            "rule_number": 100,
            "to_port": 0
          },
          "sensitive_attributes": [],
          "private": "bnVsbA==",
          "dependencies": [
            "module.vpc.aws_network_acl.default",
            "module.vpc.aws_subnet.private",
            "module.vpc.aws_subnet.public",
            "module.vpc.aws_vpc.vpc",
            "module.vpc.data.aws_subnet_ids.default"
          ]
        }
      ]
    },
    {
      "module": "module.vpc",
      "mode": "managed",
      "type": "aws_route",
      "name": "public_internet_gateway",
      "provider": "provider[\"registry.terraform.io/hashicorp/aws\"]",
      "instances": [
        {
          "schema_version": 0,
          "attributes": {
            "carrier_gateway_id": "",
            "destination_cidr_block": "0.0.0.0/0",
            "destination_ipv6_cidr_block": "",
            "destination_prefix_list_id": "",
            "egress_only_gateway_id": "",
            "gateway_id": "igw-0978d51d9eddfcdb2",
            "id": "r-rtb-04a7335e18122e1131080289494",
            "instance_id": "",
            "instance_owner_id": "",
            "local_gateway_id": "",
            "nat_gateway_id": "",
            "network_interface_id": "",
            "origin": "CreateRoute",
            "route_table_id": "rtb-04a7335e18122e113",
            "state": "active",
            "timeouts": {
              "create": "5m",
              "delete": null,
              "update": null
            },
            "transit_gateway_id": "",
            "vpc_endpoint_id": "",
            "vpc_peering_connection_id": ""
          },
          "sensitive_attributes": [],
          "private": "eyJlMmJmYjczMC1lY2FhLTExZTYtOGY4OC0zNDM2M2JjN2M0YzAiOnsiY3JlYXRlIjozMDAwMDAwMDAwMDAsImRlbGV0ZSI6MzAwMDAwMDAwMDAwLCJ1cGRhdGUiOjEyMDAwMDAwMDAwMH19",
          "dependencies": [
            "module.vpc.aws_internet_gateway.this",
            "module.vpc.aws_route_table.public",
            "module.vpc.aws_vpc.vpc"
          ]
        }
      ]
    },
    {
      "module": "module.vpc",
      "mode": "managed",
      "type": "aws_route_table",
      "name": "public",
      "provider": "provider[\"registry.terraform.io/hashicorp/aws\"]",
      "instances": [
        {
          "schema_version": 0,
          "attributes": {
            "arn": "arn:aws:ec2:us-east-1:238086487912:route-table/rtb-04a7335e18122e113",
            "id": "rtb-04a7335e18122e113",
            "owner_id": "238086487912",
            "propagating_vgws": [],
            "route": [],
            "tags": {
              "Application": "ghost",
              "Name": "public-rt",
              "Team": "techops",
              "environment": "dev"
            },
            "tags_all": {
              "Application": "ghost",
              "Name": "public-rt",
              "Team": "techops",
              "environment": "dev"
            },
            "timeouts": null,
            "vpc_id": "vpc-06b010bc1c902e8b5"
          },
          "sensitive_attributes": [],
          "private": "eyJlMmJmYjczMC1lY2FhLTExZTYtOGY4OC0zNDM2M2JjN2M0YzAiOnsiY3JlYXRlIjozMDAwMDAwMDAwMDAsImRlbGV0ZSI6MzAwMDAwMDAwMDAwLCJ1cGRhdGUiOjEyMDAwMDAwMDAwMH19",
          "dependencies": [
            "module.vpc.aws_vpc.vpc"
          ]
        }
      ]
    },
    {
      "module": "module.vpc",
      "mode": "managed",
      "type": "aws_route_table_association",
      "name": "public",
      "provider": "provider[\"registry.terraform.io/hashicorp/aws\"]",
      "instances": [
        {
          "index_key": 0,
          "schema_version": 0,
          "attributes": {
            "gateway_id": "",
            "id": "rtbassoc-094d4a294b402f156",
            "route_table_id": "rtb-04a7335e18122e113",
            "subnet_id": "subnet-00a5c1a9c171966bc"
          },
          "sensitive_attributes": [],
          "private": "bnVsbA==",
          "dependencies": [
            "module.vpc.aws_route_table.public",
            "module.vpc.aws_subnet.public",
            "module.vpc.aws_vpc.vpc"
          ]
        },
        {
          "index_key": 1,
          "schema_version": 0,
          "attributes": {
            "gateway_id": "",
            "id": "rtbassoc-0924ec7188b28c60d",
            "route_table_id": "rtb-04a7335e18122e113",
            "subnet_id": "subnet-0412a041a403e1575"
          },
          "sensitive_attributes": [],
          "private": "bnVsbA==",
          "dependencies": [
            "module.vpc.aws_route_table.public",
            "module.vpc.aws_subnet.public",
            "module.vpc.aws_vpc.vpc"
          ]
        }
      ]
    },
    {
      "module": "module.vpc",
      "mode": "managed",
      "type": "aws_subnet",
      "name": "public",
      "provider": "provider[\"registry.terraform.io/hashicorp/aws\"]",
      "instances": [
        {
          "index_key": 0,
          "schema_version": 1,
          "attributes": {
            "arn": "arn:aws:ec2:us-east-1:238086487912:subnet/subnet-00a5c1a9c171966bc",
            "assign_ipv6_address_on_creation": false,
            "availability_zone": "us-east-1a",
            "availability_zone_id": "use1-az1",
            "cidr_block": "172.32.0.0/23",
            "customer_owned_ipv4_pool": "",
            "enable_dns64": false,
            "enable_resource_name_dns_a_record_on_launch": false,
            "enable_resource_name_dns_aaaa_record_on_launch": false,
            "id": "subnet-00a5c1a9c171966bc",
            "ipv6_cidr_block": "",
            "ipv6_cidr_block_association_id": "",
            "ipv6_native": false,
            "map_customer_owned_ip_on_launch": false,
            "map_public_ip_on_launch": true,
            "outpost_arn": "",
            "owner_id": "238086487912",
            "private_dns_hostname_type_on_launch": "ip-name",
            "tags": {
              "Application": "ghost",
              "Name": "maker-ghost-dev-us-east-1a-public-sn",
              "Team": "techops",
              "environment": "dev"
            },
            "tags_all": {
              "Application": "ghost",
              "Name": "maker-ghost-dev-us-east-1a-public-sn",
              "Team": "techops",
              "environment": "dev"
            },
            "timeouts": null,
            "vpc_id": "vpc-06b010bc1c902e8b5"
          },
          "sensitive_attributes": [],
          "private": "eyJlMmJmYjczMC1lY2FhLTExZTYtOGY4OC0zNDM2M2JjN2M0YzAiOnsiY3JlYXRlIjo2MDAwMDAwMDAwMDAsImRlbGV0ZSI6MTIwMDAwMDAwMDAwMH0sInNjaGVtYV92ZXJzaW9uIjoiMSJ9",
          "dependencies": [
            "module.vpc.aws_vpc.vpc"
          ]
        },
        {
          "index_key": 1,
          "schema_version": 1,
          "attributes": {
            "arn": "arn:aws:ec2:us-east-1:238086487912:subnet/subnet-0412a041a403e1575",
            "assign_ipv6_address_on_creation": false,
            "availability_zone": "us-east-1b",
            "availability_zone_id": "use1-az2",
            "cidr_block": "172.32.2.0/23",
            "customer_owned_ipv4_pool": "",
            "enable_dns64": false,
            "enable_resource_name_dns_a_record_on_launch": false,
            "enable_resource_name_dns_aaaa_record_on_launch": false,
            "id": "subnet-0412a041a403e1575",
            "ipv6_cidr_block": "",
            "ipv6_cidr_block_association_id": "",
            "ipv6_native": false,
            "map_customer_owned_ip_on_launch": false,
            "map_public_ip_on_launch": true,
            "outpost_arn": "",
            "owner_id": "238086487912",
            "private_dns_hostname_type_on_launch": "ip-name",
            "tags": {
              "Application": "ghost",
              "Name": "maker-ghost-dev-us-east-1b-public-sn",
              "Team": "techops",
              "environment": "dev"
            },
            "tags_all": {
              "Application": "ghost",
              "Name": "maker-ghost-dev-us-east-1b-public-sn",
              "Team": "techops",
              "environment": "dev"
            },
            "timeouts": null,
            "vpc_id": "vpc-06b010bc1c902e8b5"
          },
          "sensitive_attributes": [],
          "private": "eyJlMmJmYjczMC1lY2FhLTExZTYtOGY4OC0zNDM2M2JjN2M0YzAiOnsiY3JlYXRlIjo2MDAwMDAwMDAwMDAsImRlbGV0ZSI6MTIwMDAwMDAwMDAwMH0sInNjaGVtYV92ZXJzaW9uIjoiMSJ9",
          "dependencies": [
            "module.vpc.aws_vpc.vpc"
          ]
        }
      ]
    },
    {
      "module": "module.vpc",
      "mode": "managed",
      "type": "aws_vpc",
      "name": "vpc",
      "provider": "provider[\"registry.terraform.io/hashicorp/aws\"]",
      "instances": [
        {
          "schema_version": 1,
          "attributes": {
            "arn": "arn:aws:ec2:us-east-1:238086487912:vpc/vpc-06b010bc1c902e8b5",
            "assign_generated_ipv6_cidr_block": false,
            "cidr_block": "172.32.0.0/16",
            "default_network_acl_id": "acl-0eeaab33692203c5a",
            "default_route_table_id": "rtb-03c82180a53c18857",
            "default_security_group_id": "sg-00add994624751fc1",
            "dhcp_options_id": "dopt-006e2e61f55aba4b0",
            "enable_classiclink": false,
            "enable_classiclink_dns_support": false,
            "enable_dns_hostnames": true,
            "enable_dns_support": true,
            "id": "vpc-06b010bc1c902e8b5",
            "instance_tenancy": "default",
            "ipv4_ipam_pool_id": null,
            "ipv4_netmask_length": null,
            "ipv6_association_id": "",
            "ipv6_cidr_block": "",
            "ipv6_cidr_block_network_border_group": "",
            "ipv6_ipam_pool_id": "",
            "ipv6_netmask_length": 0,
            "main_route_table_id": "rtb-03c82180a53c18857",
            "owner_id": "238086487912",
            "tags": {
              "Application": "ghost",
              "Name": "maker-ghost-dev",
              "Team": "techops",
              "environment": "dev"
            },
            "tags_all": {
              "Application": "ghost",
              "Name": "maker-ghost-dev",
              "Team": "techops",
              "environment": "dev"
            }
          },
          "sensitive_attributes": [],
          "private": "eyJzY2hlbWFfdmVyc2lvbiI6IjEifQ=="
        }
      ]
    }
  ]
}
